{
  "name": "turbo-vsc",
  "version": "1.0.0",
  "lockfileVersion": 2,
  "requires": true,
  "packages": {
    "": {
      "name": "turbo-vsc",
      "version": "1.0.0",
      "license": "ISC",
      "dependencies": {
        "jsonc-parser": "^3.2.0",
        "vscode-languageclient": "^9.0.1"
      },
      "devDependencies": {
        "@types/node": "^20.9.0",
        "@types/vscode": "^1.84.1",
        "esbuild": "^0.15.0"
      },
      "engines": {
        "vscode": "^1.22.0"
      }
    },
    "../../node_modules/.pnpm/@types+node@20.9.0/node_modules/@types/node": {
      "version": "20.9.0",
      "dev": true,
      "license": "MIT",
      "dependencies": {
        "undici-types": "~5.26.4"
      }
    },
    "../../node_modules/.pnpm/@types+vscode@1.84.1/node_modules/@types/vscode": {
      "version": "1.84.1",
      "dev": true,
      "license": "MIT"
    },
    "../../node_modules/.pnpm/esbuild@0.15.6/node_modules/esbuild": {
      "version": "0.15.6",
      "dev": true,
      "hasInstallScript": true,
      "license": "MIT",
      "bin": {
        "esbuild": "bin/esbuild"
      },
      "engines": {
        "node": ">=12"
      },
      "optionalDependencies": {
        "@esbuild/linux-loong64": "0.15.6",
        "esbuild-android-64": "0.15.6",
        "esbuild-android-arm64": "0.15.6",
        "esbuild-darwin-64": "0.15.6",
        "esbuild-darwin-arm64": "0.15.6",
        "esbuild-freebsd-64": "0.15.6",
        "esbuild-freebsd-arm64": "0.15.6",
        "esbuild-linux-32": "0.15.6",
        "esbuild-linux-64": "0.15.6",
        "esbuild-linux-arm": "0.15.6",
        "esbuild-linux-arm64": "0.15.6",
        "esbuild-linux-mips64le": "0.15.6",
        "esbuild-linux-ppc64le": "0.15.6",
        "esbuild-linux-riscv64": "0.15.6",
        "esbuild-linux-s390x": "0.15.6",
        "esbuild-netbsd-64": "0.15.6",
        "esbuild-openbsd-64": "0.15.6",
        "esbuild-sunos-64": "0.15.6",
        "esbuild-windows-32": "0.15.6",
        "esbuild-windows-64": "0.15.6",
        "esbuild-windows-arm64": "0.15.6"
      }
    },
    "../../node_modules/.pnpm/vscode-languageclient@9.0.1/node_modules/vscode-languageclient": {
      "version": "9.0.1",
      "license": "MIT",
      "dependencies": {
        "minimatch": "^5.1.0",
        "semver": "^7.3.7",
        "vscode-languageserver-protocol": "3.17.5"
      },
      "devDependencies": {
        "@types/minimatch": "^3.0.5",
        "@types/semver": "^7.3.10",
        "@types/vscode": "1.82.0",
        "shx": "^0.3.4"
      },
      "engines": {
        "vscode": "^1.82.0"
      }
    },
    "node_modules/@types/node": {
      "resolved": "../../node_modules/.pnpm/@types+node@20.9.0/node_modules/@types/node",
      "link": true
    },
    "node_modules/@types/vscode": {
      "resolved": "../../node_modules/.pnpm/@types+vscode@1.84.1/node_modules/@types/vscode",
      "link": true
    },
    "node_modules/esbuild": {
      "resolved": "../../node_modules/.pnpm/esbuild@0.15.6/node_modules/esbuild",
      "link": true
    },
    "node_modules/jsonc-parser": {
      "version": "3.2.0",
      "resolved": "https://registry.npmjs.org/jsonc-parser/-/jsonc-parser-3.2.0.tgz",
      "integrity": "sha512-gfFQZrcTc8CnKXp6Y4/CBT3fTc0OVuDofpre4aEeEpSBPV5X5v4+Vmx+8snU7RLPrNHPKSgLxGo9YuQzz20o+w=="
    },
    "node_modules/vscode-languageclient": {
      "resolved": "../../node_modules/.pnpm/vscode-languageclient@9.0.1/node_modules/vscode-languageclient",
      "link": true
    }
  },
  "dependencies": {
    "@types/node": {
      "version": "file:../../node_modules/.pnpm/@types+node@20.9.0/node_modules/@types/node",
      "requires": {
        "undici-types": "~5.26.4"
      }
    },
    "@types/vscode": {
      "version": "file:../../node_modules/.pnpm/@types+vscode@1.84.1/node_modules/@types/vscode"
    },
    "esbuild": {
      "version": "file:../../node_modules/.pnpm/esbuild@0.15.6/node_modules/esbuild",
      "requires": {
        "@esbuild/linux-loong64": "0.15.6",
        "esbuild-android-64": "0.15.6",
        "esbuild-android-arm64": "0.15.6",
        "esbuild-darwin-64": "0.15.6",
        "esbuild-darwin-arm64": "0.15.6",
        "esbuild-freebsd-64": "0.15.6",
        "esbuild-freebsd-arm64": "0.15.6",
        "esbuild-linux-32": "0.15.6",
        "esbuild-linux-64": "0.15.6",
        "esbuild-linux-arm": "0.15.6",
        "esbuild-linux-arm64": "0.15.6",
        "esbuild-linux-mips64le": "0.15.6",
        "esbuild-linux-ppc64le": "0.15.6",
        "esbuild-linux-riscv64": "0.15.6",
        "esbuild-linux-s390x": "0.15.6",
        "esbuild-netbsd-64": "0.15.6",
        "esbuild-openbsd-64": "0.15.6",
        "esbuild-sunos-64": "0.15.6",
        "esbuild-windows-32": "0.15.6",
        "esbuild-windows-64": "0.15.6",
        "esbuild-windows-arm64": "0.15.6"
      }
    },
    "jsonc-parser": {
      "version": "3.2.0",
      "resolved": "https://registry.npmjs.org/jsonc-parser/-/jsonc-parser-3.2.0.tgz",
      "integrity": "sha512-gfFQZrcTc8CnKXp6Y4/CBT3fTc0OVuDofpre4aEeEpSBPV5X5v4+Vmx+8snU7RLPrNHPKSgLxGo9YuQzz20o+w=="
    },
    "vscode-languageclient": {
      "version": "file:../../node_modules/.pnpm/vscode-languageclient@9.0.1/node_modules/vscode-languageclient",
      "requires": {
        "@types/minimatch": "^3.0.5",
        "@types/semver": "^7.3.10",
        "@types/vscode": "1.82.0",
        "minimatch": "^5.1.0",
        "semver": "^7.3.7",
        "shx": "^0.3.4",
        "vscode-languageserver-protocol": "3.17.5"
      }
    }
  }
}
